
Microsoft Visual Studio Solution File, Format Version 12.00
# Visual Studio Version 17
VisualStudioVersion = 17.5.33424.131
MinimumVisualStudioVersion = 10.0.40219.1
Project("{FAE04EC0-301F-11D3-BF4B-00C04F79EFBC}") = "Owin_Test", "Owin_Test\Owin_Test.csproj", "{E6C89D57-52F7-410D-8667-6592174DBAA3}"
EndProject
Global
	GlobalSection(SolutionConfigurationPlatforms) = preSolution
		Debug|Any CPU = Debug|Any CPU
		Release|Any CPU = Release|Any CPU
	EndGlobalSection
	GlobalSection(ProjectConfigurationPlatforms) = postSolution
		{E6C89D57-52F7-410D-8667-6592174DBAA3}.Debug|Any CPU.ActiveCfg = Debug|Any CPU
		{E6C89D57-52F7-410D-8667-6592174DBAA3}.Debug|Any CPU.Build.0 = Debug|Any CPU
		{E6C89D57-52F7-410D-8667-6592174DBAA3}.Release|Any CPU.ActiveCfg = Release|Any CPU
		{E6C89D57-52F7-410D-8667-6592174DBAA3}.Release|Any CPU.Build.0 = Release|Any CPU
	EndGlobalSection
	GlobalSection(SolutionProperties) = preSolution
		HideSolutionNode = FALSE
	EndGlobalSection
	GlobalSection(ExtensibilityGlobals) = postSolution
		SolutionGuid = {4EBADEF3-33F5-42FE-8FB9-DBA7CEC95506}
	EndGlobalSection
EndGlobal
